{
  "name": "petstoresample78b39c63",
  "version": "2.0.0",
  "lockfileVersion": 2,
  "requires": true,
  "packages": {
    "": {
      "name": "petstoresample78b39c63",
      "version": "2.0.0",
      "license": "Apache-2.0",
      "dependencies": {
        "aws-jwt-verify": "^4.0.0"
      },
      "devDependencies": {
        "@types/aws-lambda": "^8.10.92"
      }
    },
    "node_modules/@types/aws-lambda": {
      "version": "8.10.114",
      "resolved": "https://registry.npmjs.org/@types/aws-lambda/-/aws-lambda-8.10.114.tgz",
      "integrity": "sha512-M8WpEGfC9iQ6V2Ccq6nGIXoQgeVc6z0Ngk8yCOL5V/TYIxshvb0MWQYLFFTZDesL0zmsoBc4OBjG9DB/4rei6w==",
      "dev": true
    },
    "node_modules/aws-jwt-verify": {
      "version": "4.0.0",
      "resolved": "https://registry.npmjs.org/aws-jwt-verify/-/aws-jwt-verify-4.0.0.tgz",
      "integrity": "sha512-1kCv+Ub3jBaQ6HnIjfAXswjp7xD0LO4GxwbQZ/o9IoJpb8/ZBUhHu5GQ4k2O7jOVTS/KOz86uw4NV71V3s6V3g==",
      "engines": {
        "node": ">=14.0.0"
      }
    }
  },
  "dependencies": {
    "@types/aws-lambda": {
      "version": "8.10.114",
      "resolved": "https://registry.npmjs.org/@types/aws-lambda/-/aws-lambda-8.10.114.tgz",
      "integrity": "sha512-M8WpEGfC9iQ6V2Ccq6nGIXoQgeVc6z0Ngk8yCOL5V/TYIxshvb0MWQYLFFTZDesL0zmsoBc4OBjG9DB/4rei6w==",
      "dev": true
    },
    "aws-jwt-verify": {
      "version": "4.0.0",
      "resolved": "https://registry.npmjs.org/aws-jwt-verify/-/aws-jwt-verify-4.0.0.tgz",
      "integrity": "sha512-1kCv+Ub3jBaQ6HnIjfAXswjp7xD0LO4GxwbQZ/o9IoJpb8/ZBUhHu5GQ4k2O7jOVTS/KOz86uw4NV71V3s6V3g=="
    }
  }
}
